// !$*UTF8*$!
{
	archiveVersion = 1;
	classes = {
	};
	objectVersion = 52;
	objects = {

/* Begin PBXBuildFile section */
		68074A2B2832DECF007C6248 /* TeamsCollectionViewCell.swift in Sources */ = {isa = PBXBuildFile; fileRef = 68074A2A2832DECF007C6248 /* TeamsCollectionViewCell.swift */; };
		68074A2D2832E458007C6248 /* TeamsModel.swift in Sources */ = {isa = PBXBuildFile; fileRef = 68074A2C2832E458007C6248 /* TeamsModel.swift */; };
		68074A2F2832E46E007C6248 /* AllTeams.swift in Sources */ = {isa = PBXBuildFile; fileRef = 68074A2E2832E46E007C6248 /* AllTeams.swift */; };
		68074A312832E4B1007C6248 /* TeamsPresenterProtocol.swift in Sources */ = {isa = PBXBuildFile; fileRef = 68074A302832E4B1007C6248 /* TeamsPresenterProtocol.swift */; };
		68074A332832E4CF007C6248 /* TeamsPresenter.swift in Sources */ = {isa = PBXBuildFile; fileRef = 68074A322832E4CF007C6248 /* TeamsPresenter.swift */; };
		68074A352832E542007C6248 /* TeamsViewProtocol.swift in Sources */ = {isa = PBXBuildFile; fileRef = 68074A342832E542007C6248 /* TeamsViewProtocol.swift */; };
		685F8FD6282DBF9C0074129F /* CustomTableViewController.swift in Sources */ = {isa = PBXBuildFile; fileRef = 685F8FD5282DBF9C0074129F /* CustomTableViewController.swift */; };
		685F8FD8282DBFB70074129F /* CustomTableViewCell.swift in Sources */ = {isa = PBXBuildFile; fileRef = 685F8FD7282DBFB70074129F /* CustomTableViewCell.swift */; };
		687F94CB28343C6A0012F481 /* TeamsDetailsViewController.swift in Sources */ = {isa = PBXBuildFile; fileRef = 687F94CA28343C6A0012F481 /* TeamsDetailsViewController.swift */; };
		7F6C22B028342080003C8D31 /* LatestResultModel.swift in Sources */ = {isa = PBXBuildFile; fileRef = 7F6C22AF28342080003C8D31 /* LatestResultModel.swift */; };
		7FB12158282D67FB004D8039 /* AppDelegate.swift in Sources */ = {isa = PBXBuildFile; fileRef = 7FB12157282D67FB004D8039 /* AppDelegate.swift */; };
		7FB1215A282D67FB004D8039 /* SceneDelegate.swift in Sources */ = {isa = PBXBuildFile; fileRef = 7FB12159282D67FB004D8039 /* SceneDelegate.swift */; };
		7FB1215F282D67FC004D8039 /* Main.storyboard in Resources */ = {isa = PBXBuildFile; fileRef = 7FB1215D282D67FB004D8039 /* Main.storyboard */; };
		7FB12162282D67FC004D8039 /* SportsApp.xcdatamodeld in Sources */ = {isa = PBXBuildFile; fileRef = 7FB12160282D67FC004D8039 /* SportsApp.xcdatamodeld */; };
		7FB12164282D6823004D8039 /* Assets.xcassets in Resources */ = {isa = PBXBuildFile; fileRef = 7FB12163282D6823004D8039 /* Assets.xcassets */; };
		7FB12167282D6823004D8039 /* LaunchScreen.storyboard in Resources */ = {isa = PBXBuildFile; fileRef = 7FB12165282D6823004D8039 /* LaunchScreen.storyboard */; };
		7FB12179282D7F2C004D8039 /* AllSportsCollectionView.swift in Sources */ = {isa = PBXBuildFile; fileRef = 7FB12178282D7F2C004D8039 /* AllSportsCollectionView.swift */; };
		7FB1217B282D7F79004D8039 /* AllSportsViewController.swift in Sources */ = {isa = PBXBuildFile; fileRef = 7FB1217A282D7F79004D8039 /* AllSportsViewController.swift */; };
		7FB1217F282D9036004D8039 /* AllSportsCustomCell.swift in Sources */ = {isa = PBXBuildFile; fileRef = 7FB1217E282D9036004D8039 /* AllSportsCustomCell.swift */; };
		7FBC39C2283073880051B9F2 /* EventModel.swift in Sources */ = {isa = PBXBuildFile; fileRef = 7FBC39C1283073880051B9F2 /* EventModel.swift */; };
		7FBC39C4283078F20051B9F2 /* EventsPresenter.swift in Sources */ = {isa = PBXBuildFile; fileRef = 7FBC39C3283078F20051B9F2 /* EventsPresenter.swift */; };
		7FBC39C62830792C0051B9F2 /* EventsViewProtocol.swift in Sources */ = {isa = PBXBuildFile; fileRef = 7FBC39C52830792C0051B9F2 /* EventsViewProtocol.swift */; };
		7FCCDE0F283384B400407930 /* LatestResultCustomCell.swift in Sources */ = {isa = PBXBuildFile; fileRef = 7FCCDE0E283384B400407930 /* LatestResultCustomCell.swift */; };
		7FCFC404282EB9D300DED847 /* SportModel.swift in Sources */ = {isa = PBXBuildFile; fileRef = 7FCFC403282EB9D300DED847 /* SportModel.swift */; };
		7FCFC406282EB9E000DED847 /* Sports.swift in Sources */ = {isa = PBXBuildFile; fileRef = 7FCFC405282EB9E000DED847 /* Sports.swift */; };
		7FCFC408282EBF3B00DED847 /* NetworkManager.swift in Sources */ = {isa = PBXBuildFile; fileRef = 7FCFC407282EBF3A00DED847 /* NetworkManager.swift */; };
		7FCFC40A282EC00300DED847 /* AllSportsPresenterProtocol.swift in Sources */ = {isa = PBXBuildFile; fileRef = 7FCFC409282EC00300DED847 /* AllSportsPresenterProtocol.swift */; };
		7FCFC40C282EC02900DED847 /* AllSportsPresenter.swift in Sources */ = {isa = PBXBuildFile; fileRef = 7FCFC40B282EC02900DED847 /* AllSportsPresenter.swift */; };
		7FCFC40E282EC08000DED847 /* AllSportsViewProtocol.swift in Sources */ = {isa = PBXBuildFile; fileRef = 7FCFC40D282EC08000DED847 /* AllSportsViewProtocol.swift */; };
		7FD17C03282F43DE00A0513C /* Kingfisher in Frameworks */ = {isa = PBXBuildFile; productRef = 7FD17C02282F43DE00A0513C /* Kingfisher */; };
		7FD17C09282F467900A0513C /* Alamofire in Frameworks */ = {isa = PBXBuildFile; productRef = 7FD17C08282F467900A0513C /* Alamofire */; };
		7FE799F528315CE20078910C /* League.swift in Sources */ = {isa = PBXBuildFile; fileRef = 7FE799F428315CE20078910C /* League.swift */; };
		7FE799F728315CEE0078910C /* Leagues.swift in Sources */ = {isa = PBXBuildFile; fileRef = 7FE799F628315CEE0078910C /* Leagues.swift */; };
		7FE799F928315D510078910C /* LeagueViewProtocol.swift in Sources */ = {isa = PBXBuildFile; fileRef = 7FE799F828315D510078910C /* LeagueViewProtocol.swift */; };
		7FE799FB2831A0C30078910C /* EventsViewController.swift in Sources */ = {isa = PBXBuildFile; fileRef = 7FE799FA2831A0C30078910C /* EventsViewController.swift */; };
		7FE799FD2831A27C0078910C /* EventsCustomCell.swift in Sources */ = {isa = PBXBuildFile; fileRef = 7FE799FC2831A27C0078910C /* EventsCustomCell.swift */; };
		7FE799FF2831AAB50078910C /* EventsCollectionView.swift in Sources */ = {isa = PBXBuildFile; fileRef = 7FE799FE2831AAB50078910C /* EventsCollectionView.swift */; };
		7FF1FD302831386C0099803C /* LeaguesPresenter.swift in Sources */ = {isa = PBXBuildFile; fileRef = 7FF1FD2F2831386C0099803C /* LeaguesPresenter.swift */; };
/* End PBXBuildFile section */

/* Begin PBXFileReference section */
		68074A2A2832DECF007C6248 /* TeamsCollectionViewCell.swift */ = {isa = PBXFileReference; lastKnownFileType = sourcecode.swift; path = TeamsCollectionViewCell.swift; sourceTree = "<group>"; };
		68074A2C2832E458007C6248 /* TeamsModel.swift */ = {isa = PBXFileReference; lastKnownFileType = sourcecode.swift; path = TeamsModel.swift; sourceTree = "<group>"; };
		68074A2E2832E46E007C6248 /* AllTeams.swift */ = {isa = PBXFileReference; lastKnownFileType = sourcecode.swift; path = AllTeams.swift; sourceTree = "<group>"; };
		68074A302832E4B1007C6248 /* TeamsPresenterProtocol.swift */ = {isa = PBXFileReference; lastKnownFileType = sourcecode.swift; path = TeamsPresenterProtocol.swift; sourceTree = "<group>"; };
		68074A322832E4CF007C6248 /* TeamsPresenter.swift */ = {isa = PBXFileReference; lastKnownFileType = sourcecode.swift; path = TeamsPresenter.swift; sourceTree = "<group>"; };
		68074A342832E542007C6248 /* TeamsViewProtocol.swift */ = {isa = PBXFileReference; lastKnownFileType = sourcecode.swift; path = TeamsViewProtocol.swift; sourceTree = "<group>"; };
		685F8FD5282DBF9C0074129F /* CustomTableViewController.swift */ = {isa = PBXFileReference; lastKnownFileType = sourcecode.swift; path = CustomTableViewController.swift; sourceTree = "<group>"; };
		685F8FD7282DBFB70074129F /* CustomTableViewCell.swift */ = {isa = PBXFileReference; lastKnownFileType = sourcecode.swift; path = CustomTableViewCell.swift; sourceTree = "<group>"; };
		687F94CA28343C6A0012F481 /* TeamsDetailsViewController.swift */ = {isa = PBXFileReference; lastKnownFileType = sourcecode.swift; path = TeamsDetailsViewController.swift; sourceTree = "<group>"; };
		7F6C22AF28342080003C8D31 /* LatestResultModel.swift */ = {isa = PBXFileReference; lastKnownFileType = sourcecode.swift; path = LatestResultModel.swift; sourceTree = "<group>"; };
		7FB12154282D67FB004D8039 /* SportsApp.app */ = {isa = PBXFileReference; explicitFileType = wrapper.application; includeInIndex = 0; path = SportsApp.app; sourceTree = BUILT_PRODUCTS_DIR; };
		7FB12157282D67FB004D8039 /* AppDelegate.swift */ = {isa = PBXFileReference; lastKnownFileType = sourcecode.swift; path = AppDelegate.swift; sourceTree = "<group>"; };
		7FB12159282D67FB004D8039 /* SceneDelegate.swift */ = {isa = PBXFileReference; lastKnownFileType = sourcecode.swift; path = SceneDelegate.swift; sourceTree = "<group>"; };
		7FB1215E282D67FB004D8039 /* Base */ = {isa = PBXFileReference; lastKnownFileType = file.storyboard; name = Base; path = Base.lproj/Main.storyboard; sourceTree = "<group>"; };
		7FB12161282D67FC004D8039 /* SportsApp.xcdatamodel */ = {isa = PBXFileReference; lastKnownFileType = wrapper.xcdatamodel; path = SportsApp.xcdatamodel; sourceTree = "<group>"; };
		7FB12163282D6823004D8039 /* Assets.xcassets */ = {isa = PBXFileReference; lastKnownFileType = folder.assetcatalog; path = Assets.xcassets; sourceTree = "<group>"; };
		7FB12166282D6823004D8039 /* Base */ = {isa = PBXFileReference; lastKnownFileType = file.storyboard; name = Base; path = Base.lproj/LaunchScreen.storyboard; sourceTree = "<group>"; };
		7FB12168282D6823004D8039 /* Info.plist */ = {isa = PBXFileReference; lastKnownFileType = text.plist.xml; path = Info.plist; sourceTree = "<group>"; };
		7FB12178282D7F2C004D8039 /* AllSportsCollectionView.swift */ = {isa = PBXFileReference; lastKnownFileType = sourcecode.swift; path = AllSportsCollectionView.swift; sourceTree = "<group>"; };
		7FB1217A282D7F79004D8039 /* AllSportsViewController.swift */ = {isa = PBXFileReference; lastKnownFileType = sourcecode.swift; path = AllSportsViewController.swift; sourceTree = "<group>"; };
		7FB1217E282D9036004D8039 /* AllSportsCustomCell.swift */ = {isa = PBXFileReference; lastKnownFileType = sourcecode.swift; path = AllSportsCustomCell.swift; sourceTree = "<group>"; };
		7FBC39C1283073880051B9F2 /* EventModel.swift */ = {isa = PBXFileReference; lastKnownFileType = sourcecode.swift; path = EventModel.swift; sourceTree = "<group>"; };
		7FBC39C3283078F20051B9F2 /* EventsPresenter.swift */ = {isa = PBXFileReference; lastKnownFileType = sourcecode.swift; path = EventsPresenter.swift; sourceTree = "<group>"; };
		7FBC39C52830792C0051B9F2 /* EventsViewProtocol.swift */ = {isa = PBXFileReference; lastKnownFileType = sourcecode.swift; path = EventsViewProtocol.swift; sourceTree = "<group>"; };
		7FCCDE0E283384B400407930 /* LatestResultCustomCell.swift */ = {isa = PBXFileReference; lastKnownFileType = sourcecode.swift; path = LatestResultCustomCell.swift; sourceTree = "<group>"; };
		7FCFC403282EB9D300DED847 /* SportModel.swift */ = {isa = PBXFileReference; lastKnownFileType = sourcecode.swift; path = SportModel.swift; sourceTree = SOURCE_ROOT; };
		7FCFC405282EB9E000DED847 /* Sports.swift */ = {isa = PBXFileReference; lastKnownFileType = sourcecode.swift; path = Sports.swift; sourceTree = SOURCE_ROOT; };
		7FCFC407282EBF3A00DED847 /* NetworkManager.swift */ = {isa = PBXFileReference; lastKnownFileType = sourcecode.swift; path = NetworkManager.swift; sourceTree = SOURCE_ROOT; };
		7FCFC409282EC00300DED847 /* AllSportsPresenterProtocol.swift */ = {isa = PBXFileReference; lastKnownFileType = sourcecode.swift; path = AllSportsPresenterProtocol.swift; sourceTree = SOURCE_ROOT; };
		7FCFC40B282EC02900DED847 /* AllSportsPresenter.swift */ = {isa = PBXFileReference; lastKnownFileType = sourcecode.swift; path = AllSportsPresenter.swift; sourceTree = SOURCE_ROOT; };
		7FCFC40D282EC08000DED847 /* AllSportsViewProtocol.swift */ = {isa = PBXFileReference; lastKnownFileType = sourcecode.swift; path = AllSportsViewProtocol.swift; sourceTree = "<group>"; };
		7FE799F428315CE20078910C /* League.swift */ = {isa = PBXFileReference; lastKnownFileType = sourcecode.swift; path = League.swift; sourceTree = "<group>"; };
		7FE799F628315CEE0078910C /* Leagues.swift */ = {isa = PBXFileReference; lastKnownFileType = sourcecode.swift; path = Leagues.swift; sourceTree = "<group>"; };
		7FE799F828315D510078910C /* LeagueViewProtocol.swift */ = {isa = PBXFileReference; lastKnownFileType = sourcecode.swift; path = LeagueViewProtocol.swift; sourceTree = "<group>"; };
		7FE799FA2831A0C30078910C /* EventsViewController.swift */ = {isa = PBXFileReference; lastKnownFileType = sourcecode.swift; path = EventsViewController.swift; sourceTree = "<group>"; };
		7FE799FC2831A27C0078910C /* EventsCustomCell.swift */ = {isa = PBXFileReference; lastKnownFileType = sourcecode.swift; path = EventsCustomCell.swift; sourceTree = "<group>"; };
		7FE799FE2831AAB50078910C /* EventsCollectionView.swift */ = {isa = PBXFileReference; lastKnownFileType = sourcecode.swift; path = EventsCollectionView.swift; sourceTree = "<group>"; };
		7FF1FD2F2831386C0099803C /* LeaguesPresenter.swift */ = {isa = PBXFileReference; lastKnownFileType = sourcecode.swift; path = LeaguesPresenter.swift; sourceTree = "<group>"; };
/* End PBXFileReference section */

/* Begin PBXFrameworksBuildPhase section */
		7FB12151282D67FB004D8039 /* Frameworks */ = {
			isa = PBXFrameworksBuildPhase;
			buildActionMask = 2147483647;
			files = (
				7FD17C03282F43DE00A0513C /* Kingfisher in Frameworks */,
				7FD17C09282F467900A0513C /* Alamofire in Frameworks */,
			);
			runOnlyForDeploymentPostprocessing = 0;
		};
/* End PBXFrameworksBuildPhase section */

/* Begin PBXGroup section */
		0F7EB6627E18D8CA32E7CCE0 /* Pods */ = {
			isa = PBXGroup;
			children = (
			);
			path = Pods;
			sourceTree = "<group>";
		};
		68074A262832DE60007C6248 /* Teams */ = {
			isa = PBXGroup;
			children = (
				68074A292832DE8B007C6248 /* Presenter */,
				68074A282832DE80007C6248 /* Model */,
				68074A272832DE75007C6248 /* View */,
			);
			path = Teams;
			sourceTree = "<group>";
		};
		68074A272832DE75007C6248 /* View */ = {
			isa = PBXGroup;
			children = (
				68074A2A2832DECF007C6248 /* TeamsCollectionViewCell.swift */,
				68074A342832E542007C6248 /* TeamsViewProtocol.swift */,
			);
			path = View;
			sourceTree = "<group>";
		};
		68074A282832DE80007C6248 /* Model */ = {
			isa = PBXGroup;
			children = (
				68074A2C2832E458007C6248 /* TeamsModel.swift */,
				68074A2E2832E46E007C6248 /* AllTeams.swift */,
			);
			path = Model;
			sourceTree = "<group>";
		};
		68074A292832DE8B007C6248 /* Presenter */ = {
			isa = PBXGroup;
			children = (
				68074A302832E4B1007C6248 /* TeamsPresenterProtocol.swift */,
				68074A322832E4CF007C6248 /* TeamsPresenter.swift */,
			);
			path = Presenter;
			sourceTree = "<group>";
		};
		685F8FD2282DBD560074129F /* Leaguess */ = {
			isa = PBXGroup;
			children = (
				7FE799F328315CCE0078910C /* Model */,
				7FF1FD322831389E0099803C /* Presenter */,
				685F8FD3282DBF450074129F /* View */,
			);
			path = Leaguess;
			sourceTree = "<group>";
		};
		685F8FD3282DBF450074129F /* View */ = {
			isa = PBXGroup;
			children = (
				685F8FD5282DBF9C0074129F /* CustomTableViewController.swift */,
				685F8FD7282DBFB70074129F /* CustomTableViewCell.swift */,
				7FE799F828315D510078910C /* LeagueViewProtocol.swift */,
			);
			path = View;
			sourceTree = "<group>";
		};
		687F94C728343BF10012F481 /* TeamsDetails */ = {
			isa = PBXGroup;
			children = (
				687F94C928343C410012F481 /* Model */,
				687F94C828343C340012F481 /* View */,
			);
			path = TeamsDetails;
			sourceTree = "<group>";
		};
		687F94C828343C340012F481 /* View */ = {
			isa = PBXGroup;
			children = (
				687F94CA28343C6A0012F481 /* TeamsDetailsViewController.swift */,
			);
			path = View;
			sourceTree = "<group>";
		};
		687F94C928343C410012F481 /* Model */ = {
			isa = PBXGroup;
			children = (
			);
			path = Model;
			sourceTree = "<group>";
		};
		7FB1214B282D67FB004D8039 = {
			isa = PBXGroup;
			children = (
				7FB12156282D67FB004D8039 /* SportsApp */,
				7FB12155282D67FB004D8039 /* Products */,
				0F7EB6627E18D8CA32E7CCE0 /* Pods */,
			);
			sourceTree = "<group>";
		};
		7FB12155282D67FB004D8039 /* Products */ = {
			isa = PBXGroup;
			children = (
				7FB12154282D67FB004D8039 /* SportsApp.app */,
			);
			name = Products;
			sourceTree = "<group>";
		};
		7FB12156282D67FB004D8039 /* SportsApp */ = {
			isa = PBXGroup;
			children = (
				7FB12173282D7E83004D8039 /* Model */,
				7FB12172282D7E7D004D8039 /* View */,
				7FB1216F282D7E1D004D8039 /* Services */,
				7FB1216E282D7E0A004D8039 /* Module */,
				7FB12157282D67FB004D8039 /* AppDelegate.swift */,
				7FB12159282D67FB004D8039 /* SceneDelegate.swift */,
				7FB12163282D6823004D8039 /* Assets.xcassets */,
				7FB12168282D6823004D8039 /* Info.plist */,
				7FB12160282D67FC004D8039 /* SportsApp.xcdatamodeld */,
			);
			path = SportsApp;
			sourceTree = "<group>";
		};
		7FB1216E282D7E0A004D8039 /* Module */ = {
			isa = PBXGroup;
			children = (
				687F94C728343BF10012F481 /* TeamsDetails */,
				7FBC39BD283072F70051B9F2 /* LeaguesDetails */,
				685F8FD2282DBD560074129F /* Leaguess */,
				7FB12174282D7E8D004D8039 /* AllSports */,
			);
			path = Module;
			sourceTree = "<group>";
		};
		7FB1216F282D7E1D004D8039 /* Services */ = {
			isa = PBXGroup;
			children = (
				7FB12171282D7E40004D8039 /* CoreDataServices */,
				7FB12170282D7E29004D8039 /* NetworkServices */,
			);
			path = Services;
			sourceTree = "<group>";
		};
		7FB12170282D7E29004D8039 /* NetworkServices */ = {
			isa = PBXGroup;
			children = (
				7FCFC407282EBF3A00DED847 /* NetworkManager.swift */,
			);
			path = NetworkServices;
			sourceTree = "<group>";
		};
		7FB12171282D7E40004D8039 /* CoreDataServices */ = {
			isa = PBXGroup;
			children = (
			);
			path = CoreDataServices;
			sourceTree = "<group>";
		};
		7FB12172282D7E7D004D8039 /* View */ = {
			isa = PBXGroup;
			children = (
				7FB12165282D6823004D8039 /* LaunchScreen.storyboard */,
				7FB1215D282D67FB004D8039 /* Main.storyboard */,
			);
			path = View;
			sourceTree = "<group>";
		};
		7FB12173282D7E83004D8039 /* Model */ = {
			isa = PBXGroup;
			children = (
			);
			path = Model;
			sourceTree = "<group>";
		};
		7FB12174282D7E8D004D8039 /* AllSports */ = {
			isa = PBXGroup;
			children = (
				7FB12177282D7ECE004D8039 /* Model */,
				7FB12176282D7EB4004D8039 /* View */,
				7FB12175282D7E99004D8039 /* Presenter */,
			);
			path = AllSports;
			sourceTree = "<group>";
		};
		7FB12175282D7E99004D8039 /* Presenter */ = {
			isa = PBXGroup;
			children = (
				7FCFC409282EC00300DED847 /* AllSportsPresenterProtocol.swift */,
				7FCFC40B282EC02900DED847 /* AllSportsPresenter.swift */,
			);
			path = Presenter;
			sourceTree = "<group>";
		};
		7FB12176282D7EB4004D8039 /* View */ = {
			isa = PBXGroup;
			children = (
				7FB1217A282D7F79004D8039 /* AllSportsViewController.swift */,
				7FB12178282D7F2C004D8039 /* AllSportsCollectionView.swift */,
				7FB1217E282D9036004D8039 /* AllSportsCustomCell.swift */,
				7FCFC40D282EC08000DED847 /* AllSportsViewProtocol.swift */,
			);
			path = View;
			sourceTree = "<group>";
		};
		7FB12177282D7ECE004D8039 /* Model */ = {
			isa = PBXGroup;
			children = (
				7FCFC403282EB9D300DED847 /* SportModel.swift */,
				7FCFC405282EB9E000DED847 /* Sports.swift */,
			);
			path = Model;
			sourceTree = "<group>";
		};
		7FBC39BD283072F70051B9F2 /* LeaguesDetails */ = {
			isa = PBXGroup;
			children = (
				7FCCDE0C2833842300407930 /* LatestResults */,
				68074A262832DE60007C6248 /* Teams */,
				7FBC39C0283073460051B9F2 /* View */,
				7FBC39BF2830733B0051B9F2 /* Presenter */,
				7FBC39BE283073330051B9F2 /* Model */,
			);
			path = LeaguesDetails;
			sourceTree = "<group>";
		};
		7FBC39BE283073330051B9F2 /* Model */ = {
			isa = PBXGroup;
			children = (
				7FBC39C1283073880051B9F2 /* EventModel.swift */,
				7F6C22AF28342080003C8D31 /* LatestResultModel.swift */,
			);
			path = Model;
			sourceTree = "<group>";
		};
		7FBC39BF2830733B0051B9F2 /* Presenter */ = {
			isa = PBXGroup;
			children = (
				7FBC39C3283078F20051B9F2 /* EventsPresenter.swift */,
			);
			path = Presenter;
			sourceTree = "<group>";
		};
		7FBC39C0283073460051B9F2 /* View */ = {
			isa = PBXGroup;
			children = (
				7FBC39C52830792C0051B9F2 /* EventsViewProtocol.swift */,
				7FE799FA2831A0C30078910C /* EventsViewController.swift */,
				7FE799FC2831A27C0078910C /* EventsCustomCell.swift */,
				7FE799FE2831AAB50078910C /* EventsCollectionView.swift */,
			);
			path = View;
			sourceTree = "<group>";
		};
		7FCCDE0C2833842300407930 /* LatestResults */ = {
			isa = PBXGroup;
			children = (
				7FCCDE0D2833844100407930 /* View */,
			);
			path = LatestResults;
			sourceTree = "<group>";
		};
		7FCCDE0D2833844100407930 /* View */ = {
			isa = PBXGroup;
			children = (
				7FCCDE0E283384B400407930 /* LatestResultCustomCell.swift */,
			);
			path = View;
			sourceTree = "<group>";
		};
		7FE799F328315CCE0078910C /* Model */ = {
			isa = PBXGroup;
			children = (
				7FE799F428315CE20078910C /* League.swift */,
				7FE799F628315CEE0078910C /* Leagues.swift */,
			);
			path = Model;
			sourceTree = "<group>";
		};
		7FF1FD322831389E0099803C /* Presenter */ = {
			isa = PBXGroup;
			children = (
				7FF1FD2F2831386C0099803C /* LeaguesPresenter.swift */,
			);
			path = Presenter;
			sourceTree = "<group>";
		};
/* End PBXGroup section */

/* Begin PBXNativeTarget section */
		7FB12153282D67FB004D8039 /* SportsApp */ = {
			isa = PBXNativeTarget;
			buildConfigurationList = 7FB1216B282D6824004D8039 /* Build configuration list for PBXNativeTarget "SportsApp" */;
			buildPhases = (
				7FB12150282D67FB004D8039 /* Sources */,
				7FB12151282D67FB004D8039 /* Frameworks */,
				7FB12152282D67FB004D8039 /* Resources */,
			);
			buildRules = (
			);
			dependencies = (
			);
			name = SportsApp;
			packageProductDependencies = (
				7FD17C02282F43DE00A0513C /* Kingfisher */,
				7FD17C08282F467900A0513C /* Alamofire */,
			);
			productName = SportsApp;
			productReference = 7FB12154282D67FB004D8039 /* SportsApp.app */;
			productType = "com.apple.product-type.application";
		};
/* End PBXNativeTarget section */

/* Begin PBXProject section */
		7FB1214C282D67FB004D8039 /* Project object */ = {
			isa = PBXProject;
			attributes = {
				LastSwiftUpdateCheck = 1140;
				LastUpgradeCheck = 1140;
				ORGANIZATIONNAME = "Hala Mustafa";
				TargetAttributes = {
					7FB12153282D67FB004D8039 = {
						CreatedOnToolsVersion = 11.4;
					};
				};
			};
			buildConfigurationList = 7FB1214F282D67FB004D8039 /* Build configuration list for PBXProject "SportsApp" */;
			compatibilityVersion = "Xcode 9.3";
			developmentRegion = en;
			hasScannedForEncodings = 0;
			knownRegions = (
				en,
				Base,
			);
			mainGroup = 7FB1214B282D67FB004D8039;
			packageReferences = (
				7FD17C01282F43DE00A0513C /* XCRemoteSwiftPackageReference "Kingfisher" */,
				7FD17C07282F467900A0513C /* XCRemoteSwiftPackageReference "Alamofire" */,
			);
			productRefGroup = 7FB12155282D67FB004D8039 /* Products */;
			projectDirPath = "";
			projectRoot = "";
			targets = (
				7FB12153282D67FB004D8039 /* SportsApp */,
			);
		};
/* End PBXProject section */

/* Begin PBXResourcesBuildPhase section */
		7FB12152282D67FB004D8039 /* Resources */ = {
			isa = PBXResourcesBuildPhase;
			buildActionMask = 2147483647;
			files = (
				7FB12167282D6823004D8039 /* LaunchScreen.storyboard in Resources */,
				7FB12164282D6823004D8039 /* Assets.xcassets in Resources */,
				7FB1215F282D67FC004D8039 /* Main.storyboard in Resources */,
			);
			runOnlyForDeploymentPostprocessing = 0;
		};
/* End PBXResourcesBuildPhase section */

/* Begin PBXSourcesBuildPhase section */
		7FB12150282D67FB004D8039 /* Sources */ = {
			isa = PBXSourcesBuildPhase;
			buildActionMask = 2147483647;
			files = (
				7FCFC408282EBF3B00DED847 /* NetworkManager.swift in Sources */,
				7FE799FD2831A27C0078910C /* EventsCustomCell.swift in Sources */,
				7FBC39C62830792C0051B9F2 /* EventsViewProtocol.swift in Sources */,
				68074A2F2832E46E007C6248 /* AllTeams.swift in Sources */,
				685F8FD8282DBFB70074129F /* CustomTableViewCell.swift in Sources */,
				68074A2B2832DECF007C6248 /* TeamsCollectionViewCell.swift in Sources */,
				7FE799F728315CEE0078910C /* Leagues.swift in Sources */,
				7FF1FD302831386C0099803C /* LeaguesPresenter.swift in Sources */,
				7FCFC40A282EC00300DED847 /* AllSportsPresenterProtocol.swift in Sources */,
				7FCFC404282EB9D300DED847 /* SportModel.swift in Sources */,
				7FB12158282D67FB004D8039 /* AppDelegate.swift in Sources */,
				68074A2D2832E458007C6248 /* TeamsModel.swift in Sources */,
				68074A332832E4CF007C6248 /* TeamsPresenter.swift in Sources */,
				68074A352832E542007C6248 /* TeamsViewProtocol.swift in Sources */,
				7FCFC40E282EC08000DED847 /* AllSportsViewProtocol.swift in Sources */,
				7F6C22B028342080003C8D31 /* LatestResultModel.swift in Sources */,
				7FB12162282D67FC004D8039 /* SportsApp.xcdatamodeld in Sources */,
				7FCFC406282EB9E000DED847 /* Sports.swift in Sources */,
				68074A312832E4B1007C6248 /* TeamsPresenterProtocol.swift in Sources */,
				7FE799FB2831A0C30078910C /* EventsViewController.swift in Sources */,
				7FB12179282D7F2C004D8039 /* AllSportsCollectionView.swift in Sources */,
				7FBC39C4283078F20051B9F2 /* EventsPresenter.swift in Sources */,
				685F8FD6282DBF9C0074129F /* CustomTableViewController.swift in Sources */,
				7FCCDE0F283384B400407930 /* LatestResultCustomCell.swift in Sources */,
				7FE799F928315D510078910C /* LeagueViewProtocol.swift in Sources */,
				687F94CB28343C6A0012F481 /* TeamsDetailsViewController.swift in Sources */,
				7FE799FF2831AAB50078910C /* EventsCollectionView.swift in Sources */,
				7FB1217F282D9036004D8039 /* AllSportsCustomCell.swift in Sources */,
				7FCFC40C282EC02900DED847 /* AllSportsPresenter.swift in Sources */,
				7FB1215A282D67FB004D8039 /* SceneDelegate.swift in Sources */,
				7FBC39C2283073880051B9F2 /* EventModel.swift in Sources */,
				7FE799F528315CE20078910C /* League.swift in Sources */,
				7FB1217B282D7F79004D8039 /* AllSportsViewController.swift in Sources */,
			);
			runOnlyForDeploymentPostprocessing = 0;
		};
/* End PBXSourcesBuildPhase section */

/* Begin PBXVariantGroup section */
		7FB1215D282D67FB004D8039 /* Main.storyboard */ = {
			isa = PBXVariantGroup;
			children = (
				7FB1215E282D67FB004D8039 /* Base */,
			);
			name = Main.storyboard;
			sourceTree = "<group>";
		};
		7FB12165282D6823004D8039 /* LaunchScreen.storyboard */ = {
			isa = PBXVariantGroup;
			children = (
				7FB12166282D6823004D8039 /* Base */,
			);
			name = LaunchScreen.storyboard;
			sourceTree = "<group>";
		};
/* End PBXVariantGroup section */

/* Begin XCBuildConfiguration section */
		7FB12169282D6823004D8039 /* Debug */ = {
			isa = XCBuildConfiguration;
			buildSettings = {
				ALWAYS_SEARCH_USER_PATHS = NO;
				CLANG_ANALYZER_NONNULL = YES;
				CLANG_ANALYZER_NUMBER_OBJECT_CONVERSION = YES_AGGRESSIVE;
				CLANG_CXX_LANGUAGE_STANDARD = "gnu++14";
				CLANG_CXX_LIBRARY = "libc++";
				CLANG_ENABLE_MODULES = YES;
				CLANG_ENABLE_OBJC_ARC = YES;
				CLANG_ENABLE_OBJC_WEAK = YES;
				CLANG_WARN_BLOCK_CAPTURE_AUTORELEASING = YES;
				CLANG_WARN_BOOL_CONVERSION = YES;
				CLANG_WARN_COMMA = YES;
				CLANG_WARN_CONSTANT_CONVERSION = YES;
				CLANG_WARN_DEPRECATED_OBJC_IMPLEMENTATIONS = YES;
				CLANG_WARN_DIRECT_OBJC_ISA_USAGE = YES_ERROR;
				CLANG_WARN_DOCUMENTATION_COMMENTS = YES;
				CLANG_WARN_EMPTY_BODY = YES;
				CLANG_WARN_ENUM_CONVERSION = YES;
				CLANG_WARN_INFINITE_RECURSION = YES;
				CLANG_WARN_INT_CONVERSION = YES;
				CLANG_WARN_NON_LITERAL_NULL_CONVERSION = YES;
				CLANG_WARN_OBJC_IMPLICIT_RETAIN_SELF = YES;
				CLANG_WARN_OBJC_LITERAL_CONVERSION = YES;
				CLANG_WARN_OBJC_ROOT_CLASS = YES_ERROR;
				CLANG_WARN_RANGE_LOOP_ANALYSIS = YES;
				CLANG_WARN_STRICT_PROTOTYPES = YES;
				CLANG_WARN_SUSPICIOUS_MOVE = YES;
				CLANG_WARN_UNGUARDED_AVAILABILITY = YES_AGGRESSIVE;
				CLANG_WARN_UNREACHABLE_CODE = YES;
				CLANG_WARN__DUPLICATE_METHOD_MATCH = YES;
				COPY_PHASE_STRIP = NO;
				DEBUG_INFORMATION_FORMAT = dwarf;
				ENABLE_STRICT_OBJC_MSGSEND = YES;
				ENABLE_TESTABILITY = YES;
				GCC_C_LANGUAGE_STANDARD = gnu11;
				GCC_DYNAMIC_NO_PIC = NO;
				GCC_NO_COMMON_BLOCKS = YES;
				GCC_OPTIMIZATION_LEVEL = 0;
				GCC_PREPROCESSOR_DEFINITIONS = (
					"DEBUG=1",
					"$(inherited)",
				);
				GCC_WARN_64_TO_32_BIT_CONVERSION = YES;
				GCC_WARN_ABOUT_RETURN_TYPE = YES_ERROR;
				GCC_WARN_UNDECLARED_SELECTOR = YES;
				GCC_WARN_UNINITIALIZED_AUTOS = YES_AGGRESSIVE;
				GCC_WARN_UNUSED_FUNCTION = YES;
				GCC_WARN_UNUSED_VARIABLE = YES;
				IPHONEOS_DEPLOYMENT_TARGET = 13.4;
				MTL_ENABLE_DEBUG_INFO = INCLUDE_SOURCE;
				MTL_FAST_MATH = YES;
				ONLY_ACTIVE_ARCH = YES;
				SDKROOT = iphoneos;
				SWIFT_ACTIVE_COMPILATION_CONDITIONS = DEBUG;
				SWIFT_OPTIMIZATION_LEVEL = "-Onone";
			};
			name = Debug;
		};
		7FB1216A282D6823004D8039 /* Release */ = {
			isa = XCBuildConfiguration;
			buildSettings = {
				ALWAYS_SEARCH_USER_PATHS = NO;
				CLANG_ANALYZER_NONNULL = YES;
				CLANG_ANALYZER_NUMBER_OBJECT_CONVERSION = YES_AGGRESSIVE;
				CLANG_CXX_LANGUAGE_STANDARD = "gnu++14";
				CLANG_CXX_LIBRARY = "libc++";
				CLANG_ENABLE_MODULES = YES;
				CLANG_ENABLE_OBJC_ARC = YES;
				CLANG_ENABLE_OBJC_WEAK = YES;
				CLANG_WARN_BLOCK_CAPTURE_AUTORELEASING = YES;
				CLANG_WARN_BOOL_CONVERSION = YES;
				CLANG_WARN_COMMA = YES;
				CLANG_WARN_CONSTANT_CONVERSION = YES;
				CLANG_WARN_DEPRECATED_OBJC_IMPLEMENTATIONS = YES;
				CLANG_WARN_DIRECT_OBJC_ISA_USAGE = YES_ERROR;
				CLANG_WARN_DOCUMENTATION_COMMENTS = YES;
				CLANG_WARN_EMPTY_BODY = YES;
				CLANG_WARN_ENUM_CONVERSION = YES;
				CLANG_WARN_INFINITE_RECURSION = YES;
				CLANG_WARN_INT_CONVERSION = YES;
				CLANG_WARN_NON_LITERAL_NULL_CONVERSION = YES;
				CLANG_WARN_OBJC_IMPLICIT_RETAIN_SELF = YES;
				CLANG_WARN_OBJC_LITERAL_CONVERSION = YES;
				CLANG_WARN_OBJC_ROOT_CLASS = YES_ERROR;
				CLANG_WARN_RANGE_LOOP_ANALYSIS = YES;
				CLANG_WARN_STRICT_PROTOTYPES = YES;
				CLANG_WARN_SUSPICIOUS_MOVE = YES;
				CLANG_WARN_UNGUARDED_AVAILABILITY = YES_AGGRESSIVE;
				CLANG_WARN_UNREACHABLE_CODE = YES;
				CLANG_WARN__DUPLICATE_METHOD_MATCH = YES;
				COPY_PHASE_STRIP = NO;
				DEBUG_INFORMATION_FORMAT = "dwarf-with-dsym";
				ENABLE_NS_ASSERTIONS = NO;
				ENABLE_STRICT_OBJC_MSGSEND = YES;
				GCC_C_LANGUAGE_STANDARD = gnu11;
				GCC_NO_COMMON_BLOCKS = YES;
				GCC_WARN_64_TO_32_BIT_CONVERSION = YES;
				GCC_WARN_ABOUT_RETURN_TYPE = YES_ERROR;
				GCC_WARN_UNDECLARED_SELECTOR = YES;
				GCC_WARN_UNINITIALIZED_AUTOS = YES_AGGRESSIVE;
				GCC_WARN_UNUSED_FUNCTION = YES;
				GCC_WARN_UNUSED_VARIABLE = YES;
				IPHONEOS_DEPLOYMENT_TARGET = 13.4;
				MTL_ENABLE_DEBUG_INFO = NO;
				MTL_FAST_MATH = YES;
				SDKROOT = iphoneos;
				SWIFT_COMPILATION_MODE = wholemodule;
				SWIFT_OPTIMIZATION_LEVEL = "-O";
				VALIDATE_PRODUCT = YES;
			};
			name = Release;
		};
		7FB1216C282D6824004D8039 /* Debug */ = {
			isa = XCBuildConfiguration;
			buildSettings = {
				ASSETCATALOG_COMPILER_APPICON_NAME = AppIcon;
				CODE_SIGN_STYLE = Automatic;
				INFOPLIST_FILE = SportsApp/Info.plist;
				LD_RUNPATH_SEARCH_PATHS = (
					"$(inherited)",
					"@executable_path/Frameworks",
				);
				PRODUCT_BUNDLE_IDENTIFIER = ghada.SportsApp;
				PRODUCT_NAME = "$(TARGET_NAME)";
				SWIFT_VERSION = 5.0;
				TARGETED_DEVICE_FAMILY = "1,2";
			};
			name = Debug;
		};
		7FB1216D282D6824004D8039 /* Release */ = {
			isa = XCBuildConfiguration;
			buildSettings = {
				ASSETCATALOG_COMPILER_APPICON_NAME = AppIcon;
				CODE_SIGN_STYLE = Automatic;
				INFOPLIST_FILE = SportsApp/Info.plist;
				LD_RUNPATH_SEARCH_PATHS = (
					"$(inherited)",
					"@executable_path/Frameworks",
				);
				PRODUCT_BUNDLE_IDENTIFIER = ghada.SportsApp;
				PRODUCT_NAME = "$(TARGET_NAME)";
				SWIFT_VERSION = 5.0;
				TARGETED_DEVICE_FAMILY = "1,2";
			};
			name = Release;
		};
/* End XCBuildConfiguration section */

/* Begin XCConfigurationList section */
		7FB1214F282D67FB004D8039 /* Build configuration list for PBXProject "SportsApp" */ = {
			isa = XCConfigurationList;
			buildConfigurations = (
				7FB12169282D6823004D8039 /* Debug */,
				7FB1216A282D6823004D8039 /* Release */,
			);
			defaultConfigurationIsVisible = 0;
			defaultConfigurationName = Release;
		};
		7FB1216B282D6824004D8039 /* Build configuration list for PBXNativeTarget "SportsApp" */ = {
			isa = XCConfigurationList;
			buildConfigurations = (
				7FB1216C282D6824004D8039 /* Debug */,
				7FB1216D282D6824004D8039 /* Release */,
			);
			defaultConfigurationIsVisible = 0;
			defaultConfigurationName = Release;
		};
/* End XCConfigurationList section */

/* Begin XCRemoteSwiftPackageReference section */
		7FD17C01282F43DE00A0513C /* XCRemoteSwiftPackageReference "Kingfisher" */ = {
			isa = XCRemoteSwiftPackageReference;
			repositoryURL = "https://github.com/onevcat/Kingfisher";
			requirement = {
				kind = upToNextMajorVersion;
				minimumVersion = 5.13.4;
			};
		};
		7FD17C07282F467900A0513C /* XCRemoteSwiftPackageReference "Alamofire" */ = {
			isa = XCRemoteSwiftPackageReference;
			repositoryURL = "https://github.com/Alamofire/Alamofire";
			requirement = {
				kind = upToNextMajorVersion;
				minimumVersion = 5.0.5;
			};
		};
/* End XCRemoteSwiftPackageReference section */

/* Begin XCSwiftPackageProductDependency section */
		7FD17C02282F43DE00A0513C /* Kingfisher */ = {
			isa = XCSwiftPackageProductDependency;
			package = 7FD17C01282F43DE00A0513C /* XCRemoteSwiftPackageReference "Kingfisher" */;
			productName = Kingfisher;
		};
		7FD17C08282F467900A0513C /* Alamofire */ = {
			isa = XCSwiftPackageProductDependency;
			package = 7FD17C07282F467900A0513C /* XCRemoteSwiftPackageReference "Alamofire" */;
			productName = Alamofire;
		};
/* End XCSwiftPackageProductDependency section */

/* Begin XCVersionGroup section */
		7FB12160282D67FC004D8039 /* SportsApp.xcdatamodeld */ = {
			isa = XCVersionGroup;
			children = (
				7FB12161282D67FC004D8039 /* SportsApp.xcdatamodel */,
			);
			currentVersion = 7FB12161282D67FC004D8039 /* SportsApp.xcdatamodel */;
			path = SportsApp.xcdatamodeld;
			sourceTree = "<group>";
			versionGroupType = wrapper.xcdatamodel;
		};
/* End XCVersionGroup section */
	};
	rootObject = 7FB1214C282D67FB004D8039 /* Project object */;
}
