// !$*UTF8*$!
{
	archiveVersion = 1;
	classes = {
	};
	objectVersion = 51;
	objects = {

/* Begin PBXBuildFile section */
		20CD227CE4DC20E3434F58BD /* Pods_SportsApp.framework in Frameworks */ = {isa = PBXBuildFile; fileRef = 1D753F01EC143A54EBFC6821 /* Pods_SportsApp.framework */; };
		685F8FD6282DBF9C0074129F /* CustomTableViewController.swift in Sources */ = {isa = PBXBuildFile; fileRef = 685F8FD5282DBF9C0074129F /* CustomTableViewController.swift */; };
		685F8FD8282DBFB70074129F /* CustomTableViewCell.swift in Sources */ = {isa = PBXBuildFile; fileRef = 685F8FD7282DBFB70074129F /* CustomTableViewCell.swift */; };
		7FB12158282D67FB004D8039 /* AppDelegate.swift in Sources */ = {isa = PBXBuildFile; fileRef = 7FB12157282D67FB004D8039 /* AppDelegate.swift */; };
		7FB1215A282D67FB004D8039 /* SceneDelegate.swift in Sources */ = {isa = PBXBuildFile; fileRef = 7FB12159282D67FB004D8039 /* SceneDelegate.swift */; };
		7FB1215C282D67FB004D8039 /* ViewController.swift in Sources */ = {isa = PBXBuildFile; fileRef = 7FB1215B282D67FB004D8039 /* ViewController.swift */; };
		7FB1215F282D67FC004D8039 /* Main.storyboard in Resources */ = {isa = PBXBuildFile; fileRef = 7FB1215D282D67FB004D8039 /* Main.storyboard */; };
		7FB12162282D67FC004D8039 /* SportsApp.xcdatamodeld in Sources */ = {isa = PBXBuildFile; fileRef = 7FB12160282D67FC004D8039 /* SportsApp.xcdatamodeld */; };
		7FB12164282D6823004D8039 /* Assets.xcassets in Resources */ = {isa = PBXBuildFile; fileRef = 7FB12163282D6823004D8039 /* Assets.xcassets */; };
		7FB12167282D6823004D8039 /* LaunchScreen.storyboard in Resources */ = {isa = PBXBuildFile; fileRef = 7FB12165282D6823004D8039 /* LaunchScreen.storyboard */; };
		7FB12179282D7F2C004D8039 /* AllSportsCollectionView.swift in Sources */ = {isa = PBXBuildFile; fileRef = 7FB12178282D7F2C004D8039 /* AllSportsCollectionView.swift */; };
		7FB1217B282D7F79004D8039 /* AllSportsViewController.swift in Sources */ = {isa = PBXBuildFile; fileRef = 7FB1217A282D7F79004D8039 /* AllSportsViewController.swift */; };
		7FB1217F282D9036004D8039 /* AllSportsCustomCell.swift in Sources */ = {isa = PBXBuildFile; fileRef = 7FB1217E282D9036004D8039 /* AllSportsCustomCell.swift */; };
		7FB12181282D90BD004D8039 /* picture.png in Resources */ = {isa = PBXBuildFile; fileRef = 7FB12180282D90BD004D8039 /* picture.png */; };
/* End PBXBuildFile section */

/* Begin PBXFileReference section */
		036480CDD14554B8C52405CB /* Pods-SportsApp.debug.xcconfig */ = {isa = PBXFileReference; includeInIndex = 1; lastKnownFileType = text.xcconfig; name = "Pods-SportsApp.debug.xcconfig"; path = "Target Support Files/Pods-SportsApp/Pods-SportsApp.debug.xcconfig"; sourceTree = "<group>"; };
		1D753F01EC143A54EBFC6821 /* Pods_SportsApp.framework */ = {isa = PBXFileReference; explicitFileType = wrapper.framework; includeInIndex = 0; path = Pods_SportsApp.framework; sourceTree = BUILT_PRODUCTS_DIR; };
		685F8FD5282DBF9C0074129F /* CustomTableViewController.swift */ = {isa = PBXFileReference; lastKnownFileType = sourcecode.swift; path = CustomTableViewController.swift; sourceTree = "<group>"; };
		685F8FD7282DBFB70074129F /* CustomTableViewCell.swift */ = {isa = PBXFileReference; lastKnownFileType = sourcecode.swift; path = CustomTableViewCell.swift; sourceTree = "<group>"; };
		7FB12154282D67FB004D8039 /* SportsApp.app */ = {isa = PBXFileReference; explicitFileType = wrapper.application; includeInIndex = 0; path = SportsApp.app; sourceTree = BUILT_PRODUCTS_DIR; };
		7FB12157282D67FB004D8039 /* AppDelegate.swift */ = {isa = PBXFileReference; lastKnownFileType = sourcecode.swift; path = AppDelegate.swift; sourceTree = "<group>"; };
		7FB12159282D67FB004D8039 /* SceneDelegate.swift */ = {isa = PBXFileReference; lastKnownFileType = sourcecode.swift; path = SceneDelegate.swift; sourceTree = "<group>"; };
		7FB1215B282D67FB004D8039 /* ViewController.swift */ = {isa = PBXFileReference; lastKnownFileType = sourcecode.swift; path = ViewController.swift; sourceTree = "<group>"; };
		7FB1215E282D67FB004D8039 /* Base */ = {isa = PBXFileReference; lastKnownFileType = file.storyboard; name = Base; path = Base.lproj/Main.storyboard; sourceTree = "<group>"; };
		7FB12161282D67FC004D8039 /* SportsApp.xcdatamodel */ = {isa = PBXFileReference; lastKnownFileType = wrapper.xcdatamodel; path = SportsApp.xcdatamodel; sourceTree = "<group>"; };
		7FB12163282D6823004D8039 /* Assets.xcassets */ = {isa = PBXFileReference; lastKnownFileType = folder.assetcatalog; path = Assets.xcassets; sourceTree = "<group>"; };
		7FB12166282D6823004D8039 /* Base */ = {isa = PBXFileReference; lastKnownFileType = file.storyboard; name = Base; path = Base.lproj/LaunchScreen.storyboard; sourceTree = "<group>"; };
		7FB12168282D6823004D8039 /* Info.plist */ = {isa = PBXFileReference; lastKnownFileType = text.plist.xml; path = Info.plist; sourceTree = "<group>"; };
		7FB12178282D7F2C004D8039 /* AllSportsCollectionView.swift */ = {isa = PBXFileReference; lastKnownFileType = sourcecode.swift; path = AllSportsCollectionView.swift; sourceTree = "<group>"; };
		7FB1217A282D7F79004D8039 /* AllSportsViewController.swift */ = {isa = PBXFileReference; lastKnownFileType = sourcecode.swift; path = AllSportsViewController.swift; sourceTree = "<group>"; };
		7FB1217E282D9036004D8039 /* AllSportsCustomCell.swift */ = {isa = PBXFileReference; lastKnownFileType = sourcecode.swift; path = AllSportsCustomCell.swift; sourceTree = "<group>"; };
		7FB12180282D90BD004D8039 /* picture.png */ = {isa = PBXFileReference; lastKnownFileType = image.png; name = picture.png; path = ../../../../../Downloads/picture.png; sourceTree = "<group>"; };
		B7B4697832B10DF48B6A0973 /* Pods-SportsApp.release.xcconfig */ = {isa = PBXFileReference; includeInIndex = 1; lastKnownFileType = text.xcconfig; name = "Pods-SportsApp.release.xcconfig"; path = "Target Support Files/Pods-SportsApp/Pods-SportsApp.release.xcconfig"; sourceTree = "<group>"; };
/* End PBXFileReference section */

/* Begin PBXFrameworksBuildPhase section */
		7FB12151282D67FB004D8039 /* Frameworks */ = {
			isa = PBXFrameworksBuildPhase;
			buildActionMask = 2147483647;
			files = (
				20CD227CE4DC20E3434F58BD /* Pods_SportsApp.framework in Frameworks */,
			);
			runOnlyForDeploymentPostprocessing = 0;
		};
/* End PBXFrameworksBuildPhase section */

/* Begin PBXGroup section */
		0F7EB6627E18D8CA32E7CCE0 /* Pods */ = {
			isa = PBXGroup;
			children = (
				036480CDD14554B8C52405CB /* Pods-SportsApp.debug.xcconfig */,
				B7B4697832B10DF48B6A0973 /* Pods-SportsApp.release.xcconfig */,
			);
			path = Pods;
			sourceTree = "<group>";
		};
		4C4FC24D949DED56CB252A0B /* Frameworks */ = {
			isa = PBXGroup;
			children = (
				1D753F01EC143A54EBFC6821 /* Pods_SportsApp.framework */,
			);
			name = Frameworks;
			sourceTree = "<group>";
		};
		685F8FD2282DBD560074129F /* Leaguess */ = {
			isa = PBXGroup;
			children = (
				685F8FD4282DBF510074129F /* Presenter */,
				685F8FD3282DBF450074129F /* View */,
			);
			path = Leaguess;
			sourceTree = "<group>";
		};
		685F8FD3282DBF450074129F /* View */ = {
			isa = PBXGroup;
			children = (
				685F8FD5282DBF9C0074129F /* CustomTableViewController.swift */,
				685F8FD7282DBFB70074129F /* CustomTableViewCell.swift */,
			);
			path = View;
			sourceTree = "<group>";
		};
		685F8FD4282DBF510074129F /* Presenter */ = {
			isa = PBXGroup;
			children = (
			);
			path = Presenter;
			sourceTree = "<group>";
		};
		7FB1214B282D67FB004D8039 = {
			isa = PBXGroup;
			children = (
				7FB12156282D67FB004D8039 /* SportsApp */,
				7FB12155282D67FB004D8039 /* Products */,
				0F7EB6627E18D8CA32E7CCE0 /* Pods */,
				4C4FC24D949DED56CB252A0B /* Frameworks */,
			);
			sourceTree = "<group>";
		};
		7FB12155282D67FB004D8039 /* Products */ = {
			isa = PBXGroup;
			children = (
				7FB12154282D67FB004D8039 /* SportsApp.app */,
			);
			name = Products;
			sourceTree = "<group>";
		};
		7FB12156282D67FB004D8039 /* SportsApp */ = {
			isa = PBXGroup;
			children = (
				7FB12180282D90BD004D8039 /* picture.png */,
				7FB12173282D7E83004D8039 /* Model */,
				7FB12172282D7E7D004D8039 /* View */,
				7FB1216F282D7E1D004D8039 /* Services */,
				7FB1216E282D7E0A004D8039 /* Module */,
				7FB12157282D67FB004D8039 /* AppDelegate.swift */,
				7FB12159282D67FB004D8039 /* SceneDelegate.swift */,
				7FB1215B282D67FB004D8039 /* ViewController.swift */,
				7FB12163282D6823004D8039 /* Assets.xcassets */,
				7FB12168282D6823004D8039 /* Info.plist */,
				7FB12160282D67FC004D8039 /* SportsApp.xcdatamodeld */,
			);
			path = SportsApp;
			sourceTree = "<group>";
		};
		7FB1216E282D7E0A004D8039 /* Module */ = {
			isa = PBXGroup;
			children = (
				685F8FD2282DBD560074129F /* Leaguess */,
				7FB12174282D7E8D004D8039 /* AllSports */,
			);
			path = Module;
			sourceTree = "<group>";
		};
		7FB1216F282D7E1D004D8039 /* Services */ = {
			isa = PBXGroup;
			children = (
				7FB12171282D7E40004D8039 /* CoreDataServices */,
				7FB12170282D7E29004D8039 /* NetworkServices */,
			);
			path = Services;
			sourceTree = "<group>";
		};
		7FB12170282D7E29004D8039 /* NetworkServices */ = {
			isa = PBXGroup;
			children = (
			);
			path = NetworkServices;
			sourceTree = "<group>";
		};
		7FB12171282D7E40004D8039 /* CoreDataServices */ = {
			isa = PBXGroup;
			children = (
			);
			path = CoreDataServices;
			sourceTree = "<group>";
		};
		7FB12172282D7E7D004D8039 /* View */ = {
			isa = PBXGroup;
			children = (
				7FB12165282D6823004D8039 /* LaunchScreen.storyboard */,
				7FB1215D282D67FB004D8039 /* Main.storyboard */,
			);
			path = View;
			sourceTree = "<group>";
		};
		7FB12173282D7E83004D8039 /* Model */ = {
			isa = PBXGroup;
			children = (
			);
			path = Model;
			sourceTree = "<group>";
		};
		7FB12174282D7E8D004D8039 /* AllSports */ = {
			isa = PBXGroup;
			children = (
				7FB12177282D7ECE004D8039 /* Model */,
				7FB12176282D7EB4004D8039 /* View */,
				7FB12175282D7E99004D8039 /* Presenter */,
			);
			path = AllSports;
			sourceTree = "<group>";
		};
		7FB12175282D7E99004D8039 /* Presenter */ = {
			isa = PBXGroup;
			children = (
			);
			path = Presenter;
			sourceTree = "<group>";
		};
		7FB12176282D7EB4004D8039 /* View */ = {
			isa = PBXGroup;
			children = (
				7FB1217A282D7F79004D8039 /* AllSportsViewController.swift */,
				7FB12178282D7F2C004D8039 /* AllSportsCollectionView.swift */,
				7FB1217E282D9036004D8039 /* AllSportsCustomCell.swift */,
			);
			path = View;
			sourceTree = "<group>";
		};
		7FB12177282D7ECE004D8039 /* Model */ = {
			isa = PBXGroup;
			children = (
			);
			path = Model;
			sourceTree = "<group>";
		};
/* End PBXGroup section */

/* Begin PBXNativeTarget section */
		7FB12153282D67FB004D8039 /* SportsApp */ = {
			isa = PBXNativeTarget;
			buildConfigurationList = 7FB1216B282D6824004D8039 /* Build configuration list for PBXNativeTarget "SportsApp" */;
			buildPhases = (
				FC7BF346321440C5E4A0AABA /* [CP] Check Pods Manifest.lock */,
				7FB12150282D67FB004D8039 /* Sources */,
				7FB12151282D67FB004D8039 /* Frameworks */,
				7FB12152282D67FB004D8039 /* Resources */,
				14ED713F76BAB3E6C7B1AAAE /* [CP] Embed Pods Frameworks */,
			);
			buildRules = (
			);
			dependencies = (
			);
			name = SportsApp;
			productName = SportsApp;
			productReference = 7FB12154282D67FB004D8039 /* SportsApp.app */;
			productType = "com.apple.product-type.application";
		};
/* End PBXNativeTarget section */

/* Begin PBXProject section */
		7FB1214C282D67FB004D8039 /* Project object */ = {
			isa = PBXProject;
			attributes = {
				LastSwiftUpdateCheck = 1140;
				LastUpgradeCheck = 1140;
				ORGANIZATIONNAME = "Hala Mustafa";
				TargetAttributes = {
					7FB12153282D67FB004D8039 = {
						CreatedOnToolsVersion = 11.4;
					};
				};
			};
			buildConfigurationList = 7FB1214F282D67FB004D8039 /* Build configuration list for PBXProject "SportsApp" */;
			compatibilityVersion = "Xcode 9.3";
			developmentRegion = en;
			hasScannedForEncodings = 0;
			knownRegions = (
				en,
				Base,
			);
			mainGroup = 7FB1214B282D67FB004D8039;
			productRefGroup = 7FB12155282D67FB004D8039 /* Products */;
			projectDirPath = "";
			projectRoot = "";
			targets = (
				7FB12153282D67FB004D8039 /* SportsApp */,
			);
		};
/* End PBXProject section */

/* Begin PBXResourcesBuildPhase section */
		7FB12152282D67FB004D8039 /* Resources */ = {
			isa = PBXResourcesBuildPhase;
			buildActionMask = 2147483647;
			files = (
				7FB12167282D6823004D8039 /* LaunchScreen.storyboard in Resources */,
				7FB12164282D6823004D8039 /* Assets.xcassets in Resources */,
				7FB12181282D90BD004D8039 /* picture.png in Resources */,
				7FB1215F282D67FC004D8039 /* Main.storyboard in Resources */,
			);
			runOnlyForDeploymentPostprocessing = 0;
		};
/* End PBXResourcesBuildPhase section */

/* Begin PBXShellScriptBuildPhase section */
		14ED713F76BAB3E6C7B1AAAE /* [CP] Embed Pods Frameworks */ = {
			isa = PBXShellScriptBuildPhase;
			buildActionMask = 2147483647;
			files = (
			);
			inputFileListPaths = (
				"${PODS_ROOT}/Target Support Files/Pods-SportsApp/Pods-SportsApp-frameworks-${CONFIGURATION}-input-files.xcfilelist",
			);
			name = "[CP] Embed Pods Frameworks";
			outputFileListPaths = (
				"${PODS_ROOT}/Target Support Files/Pods-SportsApp/Pods-SportsApp-frameworks-${CONFIGURATION}-output-files.xcfilelist",
			);
			runOnlyForDeploymentPostprocessing = 0;
			shellPath = /bin/sh;
			shellScript = "\"${PODS_ROOT}/Target Support Files/Pods-SportsApp/Pods-SportsApp-frameworks.sh\"\n";
			showEnvVarsInLog = 0;
		};
		FC7BF346321440C5E4A0AABA /* [CP] Check Pods Manifest.lock */ = {
			isa = PBXShellScriptBuildPhase;
			buildActionMask = 2147483647;
			files = (
			);
			inputFileListPaths = (
			);
			inputPaths = (
				"${PODS_PODFILE_DIR_PATH}/Podfile.lock",
				"${PODS_ROOT}/Manifest.lock",
			);
			name = "[CP] Check Pods Manifest.lock";
			outputFileListPaths = (
			);
			outputPaths = (
				"$(DERIVED_FILE_DIR)/Pods-SportsApp-checkManifestLockResult.txt",
			);
			runOnlyForDeploymentPostprocessing = 0;
			shellPath = /bin/sh;
			shellScript = "diff \"${PODS_PODFILE_DIR_PATH}/Podfile.lock\" \"${PODS_ROOT}/Manifest.lock\" > /dev/null\nif [ $? != 0 ] ; then\n    # print error to STDERR\n    echo \"error: The sandbox is not in sync with the Podfile.lock. Run 'pod install' or update your CocoaPods installation.\" >&2\n    exit 1\nfi\n# This output is used by Xcode 'outputs' to avoid re-running this script phase.\necho \"SUCCESS\" > \"${SCRIPT_OUTPUT_FILE_0}\"\n";
			showEnvVarsInLog = 0;
		};
/* End PBXShellScriptBuildPhase section */

/* Begin PBXSourcesBuildPhase section */
		7FB12150282D67FB004D8039 /* Sources */ = {
			isa = PBXSourcesBuildPhase;
			buildActionMask = 2147483647;
			files = (
				685F8FD8282DBFB70074129F /* CustomTableViewCell.swift in Sources */,
				7FB1215C282D67FB004D8039 /* ViewController.swift in Sources */,
				7FB12158282D67FB004D8039 /* AppDelegate.swift in Sources */,
				7FB12162282D67FC004D8039 /* SportsApp.xcdatamodeld in Sources */,
				7FB12179282D7F2C004D8039 /* AllSportsCollectionView.swift in Sources */,
				685F8FD6282DBF9C0074129F /* CustomTableViewController.swift in Sources */,
				7FB1217F282D9036004D8039 /* AllSportsCustomCell.swift in Sources */,
				7FB1215A282D67FB004D8039 /* SceneDelegate.swift in Sources */,
				7FB1217B282D7F79004D8039 /* AllSportsViewController.swift in Sources */,
			);
			runOnlyForDeploymentPostprocessing = 0;
		};
/* End PBXSourcesBuildPhase section */

/* Begin PBXVariantGroup section */
		7FB1215D282D67FB004D8039 /* Main.storyboard */ = {
			isa = PBXVariantGroup;
			children = (
				7FB1215E282D67FB004D8039 /* Base */,
			);
			name = Main.storyboard;
			sourceTree = "<group>";
		};
		7FB12165282D6823004D8039 /* LaunchScreen.storyboard */ = {
			isa = PBXVariantGroup;
			children = (
				7FB12166282D6823004D8039 /* Base */,
			);
			name = LaunchScreen.storyboard;
			sourceTree = "<group>";
		};
/* End PBXVariantGroup section */

/* Begin XCBuildConfiguration section */
		7FB12169282D6823004D8039 /* Debug */ = {
			isa = XCBuildConfiguration;
			buildSettings = {
				ALWAYS_SEARCH_USER_PATHS = NO;
				CLANG_ANALYZER_NONNULL = YES;
				CLANG_ANALYZER_NUMBER_OBJECT_CONVERSION = YES_AGGRESSIVE;
				CLANG_CXX_LANGUAGE_STANDARD = "gnu++14";
				CLANG_CXX_LIBRARY = "libc++";
				CLANG_ENABLE_MODULES = YES;
				CLANG_ENABLE_OBJC_ARC = YES;
				CLANG_ENABLE_OBJC_WEAK = YES;
				CLANG_WARN_BLOCK_CAPTURE_AUTORELEASING = YES;
				CLANG_WARN_BOOL_CONVERSION = YES;
				CLANG_WARN_COMMA = YES;
				CLANG_WARN_CONSTANT_CONVERSION = YES;
				CLANG_WARN_DEPRECATED_OBJC_IMPLEMENTATIONS = YES;
				CLANG_WARN_DIRECT_OBJC_ISA_USAGE = YES_ERROR;
				CLANG_WARN_DOCUMENTATION_COMMENTS = YES;
				CLANG_WARN_EMPTY_BODY = YES;
				CLANG_WARN_ENUM_CONVERSION = YES;
				CLANG_WARN_INFINITE_RECURSION = YES;
				CLANG_WARN_INT_CONVERSION = YES;
				CLANG_WARN_NON_LITERAL_NULL_CONVERSION = YES;
				CLANG_WARN_OBJC_IMPLICIT_RETAIN_SELF = YES;
				CLANG_WARN_OBJC_LITERAL_CONVERSION = YES;
				CLANG_WARN_OBJC_ROOT_CLASS = YES_ERROR;
				CLANG_WARN_RANGE_LOOP_ANALYSIS = YES;
				CLANG_WARN_STRICT_PROTOTYPES = YES;
				CLANG_WARN_SUSPICIOUS_MOVE = YES;
				CLANG_WARN_UNGUARDED_AVAILABILITY = YES_AGGRESSIVE;
				CLANG_WARN_UNREACHABLE_CODE = YES;
				CLANG_WARN__DUPLICATE_METHOD_MATCH = YES;
				COPY_PHASE_STRIP = NO;
				DEBUG_INFORMATION_FORMAT = dwarf;
				ENABLE_STRICT_OBJC_MSGSEND = YES;
				ENABLE_TESTABILITY = YES;
				GCC_C_LANGUAGE_STANDARD = gnu11;
				GCC_DYNAMIC_NO_PIC = NO;
				GCC_NO_COMMON_BLOCKS = YES;
				GCC_OPTIMIZATION_LEVEL = 0;
				GCC_PREPROCESSOR_DEFINITIONS = (
					"DEBUG=1",
					"$(inherited)",
				);
				GCC_WARN_64_TO_32_BIT_CONVERSION = YES;
				GCC_WARN_ABOUT_RETURN_TYPE = YES_ERROR;
				GCC_WARN_UNDECLARED_SELECTOR = YES;
				GCC_WARN_UNINITIALIZED_AUTOS = YES_AGGRESSIVE;
				GCC_WARN_UNUSED_FUNCTION = YES;
				GCC_WARN_UNUSED_VARIABLE = YES;
				IPHONEOS_DEPLOYMENT_TARGET = 13.4;
				MTL_ENABLE_DEBUG_INFO = INCLUDE_SOURCE;
				MTL_FAST_MATH = YES;
				ONLY_ACTIVE_ARCH = YES;
				SDKROOT = iphoneos;
				SWIFT_ACTIVE_COMPILATION_CONDITIONS = DEBUG;
				SWIFT_OPTIMIZATION_LEVEL = "-Onone";
			};
			name = Debug;
		};
		7FB1216A282D6823004D8039 /* Release */ = {
			isa = XCBuildConfiguration;
			buildSettings = {
				ALWAYS_SEARCH_USER_PATHS = NO;
				CLANG_ANALYZER_NONNULL = YES;
				CLANG_ANALYZER_NUMBER_OBJECT_CONVERSION = YES_AGGRESSIVE;
				CLANG_CXX_LANGUAGE_STANDARD = "gnu++14";
				CLANG_CXX_LIBRARY = "libc++";
				CLANG_ENABLE_MODULES = YES;
				CLANG_ENABLE_OBJC_ARC = YES;
				CLANG_ENABLE_OBJC_WEAK = YES;
				CLANG_WARN_BLOCK_CAPTURE_AUTORELEASING = YES;
				CLANG_WARN_BOOL_CONVERSION = YES;
				CLANG_WARN_COMMA = YES;
				CLANG_WARN_CONSTANT_CONVERSION = YES;
				CLANG_WARN_DEPRECATED_OBJC_IMPLEMENTATIONS = YES;
				CLANG_WARN_DIRECT_OBJC_ISA_USAGE = YES_ERROR;
				CLANG_WARN_DOCUMENTATION_COMMENTS = YES;
				CLANG_WARN_EMPTY_BODY = YES;
				CLANG_WARN_ENUM_CONVERSION = YES;
				CLANG_WARN_INFINITE_RECURSION = YES;
				CLANG_WARN_INT_CONVERSION = YES;
				CLANG_WARN_NON_LITERAL_NULL_CONVERSION = YES;
				CLANG_WARN_OBJC_IMPLICIT_RETAIN_SELF = YES;
				CLANG_WARN_OBJC_LITERAL_CONVERSION = YES;
				CLANG_WARN_OBJC_ROOT_CLASS = YES_ERROR;
				CLANG_WARN_RANGE_LOOP_ANALYSIS = YES;
				CLANG_WARN_STRICT_PROTOTYPES = YES;
				CLANG_WARN_SUSPICIOUS_MOVE = YES;
				CLANG_WARN_UNGUARDED_AVAILABILITY = YES_AGGRESSIVE;
				CLANG_WARN_UNREACHABLE_CODE = YES;
				CLANG_WARN__DUPLICATE_METHOD_MATCH = YES;
				COPY_PHASE_STRIP = NO;
				DEBUG_INFORMATION_FORMAT = "dwarf-with-dsym";
				ENABLE_NS_ASSERTIONS = NO;
				ENABLE_STRICT_OBJC_MSGSEND = YES;
				GCC_C_LANGUAGE_STANDARD = gnu11;
				GCC_NO_COMMON_BLOCKS = YES;
				GCC_WARN_64_TO_32_BIT_CONVERSION = YES;
				GCC_WARN_ABOUT_RETURN_TYPE = YES_ERROR;
				GCC_WARN_UNDECLARED_SELECTOR = YES;
				GCC_WARN_UNINITIALIZED_AUTOS = YES_AGGRESSIVE;
				GCC_WARN_UNUSED_FUNCTION = YES;
				GCC_WARN_UNUSED_VARIABLE = YES;
				IPHONEOS_DEPLOYMENT_TARGET = 13.4;
				MTL_ENABLE_DEBUG_INFO = NO;
				MTL_FAST_MATH = YES;
				SDKROOT = iphoneos;
				SWIFT_COMPILATION_MODE = wholemodule;
				SWIFT_OPTIMIZATION_LEVEL = "-O";
				VALIDATE_PRODUCT = YES;
			};
			name = Release;
		};
		7FB1216C282D6824004D8039 /* Debug */ = {
			isa = XCBuildConfiguration;
			baseConfigurationReference = 036480CDD14554B8C52405CB /* Pods-SportsApp.debug.xcconfig */;
			buildSettings = {
				ASSETCATALOG_COMPILER_APPICON_NAME = AppIcon;
				CODE_SIGN_STYLE = Automatic;
				INFOPLIST_FILE = SportsApp/Info.plist;
				LD_RUNPATH_SEARCH_PATHS = (
					"$(inherited)",
					"@executable_path/Frameworks",
				);
				PRODUCT_BUNDLE_IDENTIFIER = ghada.SportsApp;
				PRODUCT_NAME = "$(TARGET_NAME)";
				SWIFT_VERSION = 5.0;
				TARGETED_DEVICE_FAMILY = "1,2";
			};
			name = Debug;
		};
		7FB1216D282D6824004D8039 /* Release */ = {
			isa = XCBuildConfiguration;
			baseConfigurationReference = B7B4697832B10DF48B6A0973 /* Pods-SportsApp.release.xcconfig */;
			buildSettings = {
				ASSETCATALOG_COMPILER_APPICON_NAME = AppIcon;
				CODE_SIGN_STYLE = Automatic;
				INFOPLIST_FILE = SportsApp/Info.plist;
				LD_RUNPATH_SEARCH_PATHS = (
					"$(inherited)",
					"@executable_path/Frameworks",
				);
				PRODUCT_BUNDLE_IDENTIFIER = ghada.SportsApp;
				PRODUCT_NAME = "$(TARGET_NAME)";
				SWIFT_VERSION = 5.0;
				TARGETED_DEVICE_FAMILY = "1,2";
			};
			name = Release;
		};
/* End XCBuildConfiguration section */

/* Begin XCConfigurationList section */
		7FB1214F282D67FB004D8039 /* Build configuration list for PBXProject "SportsApp" */ = {
			isa = XCConfigurationList;
			buildConfigurations = (
				7FB12169282D6823004D8039 /* Debug */,
				7FB1216A282D6823004D8039 /* Release */,
			);
			defaultConfigurationIsVisible = 0;
			defaultConfigurationName = Release;
		};
		7FB1216B282D6824004D8039 /* Build configuration list for PBXNativeTarget "SportsApp" */ = {
			isa = XCConfigurationList;
			buildConfigurations = (
				7FB1216C282D6824004D8039 /* Debug */,
				7FB1216D282D6824004D8039 /* Release */,
			);
			defaultConfigurationIsVisible = 0;
			defaultConfigurationName = Release;
		};
/* End XCConfigurationList section */

/* Begin XCVersionGroup section */
		7FB12160282D67FC004D8039 /* SportsApp.xcdatamodeld */ = {
			isa = XCVersionGroup;
			children = (
				7FB12161282D67FC004D8039 /* SportsApp.xcdatamodel */,
			);
			currentVersion = 7FB12161282D67FC004D8039 /* SportsApp.xcdatamodel */;
			path = SportsApp.xcdatamodeld;
			sourceTree = "<group>";
			versionGroupType = wrapper.xcdatamodel;
		};
/* End XCVersionGroup section */
	};
	rootObject = 7FB1214C282D67FB004D8039 /* Project object */;
}
